{
  "object": {
    "pins": [
      {
        "package": "WebRTC",
        "repositoryURL": "https://github.com/barisgorgun/SPMWebRTC.git",
        "state": {
          "branch": "packageFile",
          "revision": "c3e5d661e191fa42d8631a97157677919ec6c45d",
          "version": null
        }
      }
    ]
  },
  "version": 1
}
